
Microsoft Visual Studio Solution File, Format Version 12.00
# Visual Studio Version 16
VisualStudioVersion = 16.0.31129.286
MinimumVisualStudioVersion = 10.0.40219.1
Project("{FAE04EC0-301F-11D3-BF4B-00C04F79EFBC}") = "Api", "Api\Api.csproj", "{FBC68B35-F998-4540-883B-FDBE347E038F}"
EndProject
Global
	GlobalSection(SolutionConfigurationPlatforms) = preSolution
		Debug|Any CPU = Debug|Any CPU
		Release|Any CPU = Release|Any CPU
	EndGlobalSection
	GlobalSection(ProjectConfigurationPlatforms) = postSolution
		{FBC68B35-F998-4540-883B-FDBE347E038F}.Debug|Any CPU.ActiveCfg = Debug|Any CPU
		{FBC68B35-F998-4540-883B-FDBE347E038F}.Debug|Any CPU.Build.0 = Debug|Any CPU
		{FBC68B35-F998-4540-883B-FDBE347E038F}.Release|Any CPU.ActiveCfg = Release|Any CPU
		{FBC68B35-F998-4540-883B-FDBE347E038F}.Release|Any CPU.Build.0 = Release|Any CPU
	EndGlobalSection
	GlobalSection(SolutionProperties) = preSolution
		HideSolutionNode = FALSE
	EndGlobalSection
	GlobalSection(ExtensibilityGlobals) = postSolution
		SolutionGuid = {A1AB7BFC-785C-4B4E-9DFE-EFC1E8FCDFA5}
	EndGlobalSection
EndGlobal
